
Microsoft Visual Studio Solution File, Format Version 12.00
# Visual Studio Version 17
VisualStudioVersion = 17.1.32228.430
MinimumVisualStudioVersion = 10.0.40219.1
Project("{FAE04EC0-301F-11D3-BF4B-00C04F79EFBC}") = "battleship", "battleship\battleship.csproj", "{E3CBB5DA-6B61-4E60-9B00-13EF24F5346B}"
EndProject
Global
	GlobalSection(SolutionConfigurationPlatforms) = preSolution
		Debug|Any CPU = Debug|Any CPU
		Release|Any CPU = Release|Any CPU
	EndGlobalSection
	GlobalSection(ProjectConfigurationPlatforms) = postSolution
		{E3CBB5DA-6B61-4E60-9B00-13EF24F5346B}.Debug|Any CPU.ActiveCfg = Debug|Any CPU
		{E3CBB5DA-6B61-4E60-9B00-13EF24F5346B}.Debug|Any CPU.Build.0 = Debug|Any CPU
		{E3CBB5DA-6B61-4E60-9B00-13EF24F5346B}.Release|Any CPU.ActiveCfg = Release|Any CPU
		{E3CBB5DA-6B61-4E60-9B00-13EF24F5346B}.Release|Any CPU.Build.0 = Release|Any CPU
	EndGlobalSection
	GlobalSection(SolutionProperties) = preSolution
		HideSolutionNode = FALSE
	EndGlobalSection
	GlobalSection(ExtensibilityGlobals) = postSolution
		SolutionGuid = {4FB9D9F9-A14B-4B1C-AE41-52DC361407CF}
	EndGlobalSection
EndGlobal
